DEPENDENCIES
  dmlb2000_chef
    git: git://github.com/dmlb2000/dmlb2000_chef.git
    revision: 5aa099d9b25f17b9e90efd94b77aa653b1b535ca
  dmlb2000_distro
    git: git://github.com/dmlb2000/dmlb2000_distro.git
    revision: fb2530bcd314e163a7aaf803b2b3ba463d506eef
  dmlb2000_pipeline
    git: git://github.com/dmlb2000/dmlb2000_pipeline.git
    revision: 2a219eb40f4312765d416ca1737dfdb12c41d08e
  dmlb2000_server
    git: git://github.com/dmlb2000/dmlb2000_server.git
    revision: 449b6025681a62713443372ab8b91e5333a7c977
  dmlb2000_users
    git: git://github.com/dmlb2000/dmlb2000_users.git
    revision: f3ae805984438e0a0c1a3875d8da54977451a02e

GRAPH
  apt (2.9.2)
  auto-update (0.3.0)
    apt (>= 2.4.0)
  build-essential (2.2.4)
  chef-client (4.3.2)
    cron (>= 1.2.0)
    logrotate (>= 1.2.0)
    windows (~> 1.37)
  chef-dk (3.1.0)
    dmg (~> 2.2)
  chef_handler (1.2.0)
  cron (1.7.3)
  dmg (2.3.0)
  dmlb2000_chef (0.3.18)
    build-essential (>= 0.0.0)
    chef-client (>= 0.0.0)
    chef-dk (>= 0.0.0)
    dmlb2000_users (>= 0.0.0)
    omnibus_updater (>= 0.0.0)
    vagrant (>= 0.0.0)
  dmlb2000_distro (0.1.5)
    auto-update (>= 0.0.0)
    yum-centos (>= 0.0.0)
    yum-epel (>= 0.0.0)
  dmlb2000_pipeline (0.1.24)
    build-essential (>= 0.0.0)
    dmlb2000_chef (>= 0.0.0)
    git (>= 0.0.0)
    python (>= 0.0.0)
    systemd (>= 0.0.0)
    yum-centos (>= 0.0.0)
    yum-epel (>= 0.0.0)
  dmlb2000_server (0.1.2)
    dmlb2000_users (>= 0.0.0)
    samba (>= 0.0.0)
    zfs_linux (>= 0.0.0)
  dmlb2000_users (0.1.1)
    user (>= 0.0.0)
  git (4.3.7)
    build-essential (>= 0.0.0)
    dmg (>= 0.0.0)
    windows (>= 0.0.0)
    yum-epel (>= 0.0.0)
  logrotate (1.9.2)
  omnibus_updater (1.0.6)
  python (1.4.6)
    build-essential (>= 0.0.0)
    yum-epel (>= 0.0.0)
  samba (0.12.0)
  systemd (1.1.2)
  user (0.4.2)
  vagrant (0.4.2)
    dmg (>= 2.2.2)
    windows (~> 1.38)
  windows (1.39.1)
    chef_handler (>= 0.0.0)
  yum (3.10.0)
  yum-centos (0.4.11)
    yum (~> 3.2)
  yum-epel (0.6.5)
    yum (~> 3.2)
  zfs_linux (2.1.3)
    apt (>= 0.0.0)
    cron (>= 0.0.0)
    yum-epel (>= 0.0.0)
